
Microsoft Visual Studio Solution File, Format Version 12.00
# Visual Studio Version 17
VisualStudioVersion = 17.5.33502.453
MinimumVisualStudioVersion = 10.0.40219.1
Project("{8BC9CEB8-8B4A-11D0-8D11-00A0C91BC942}") = "ParadigmaOOP2_113", "ParadigmaOOP2_113\ParadigmaOOP2_113.vcxproj", "{F8CFE1C0-5D57-4889-8321-3BC6562FFD50}"
EndProject
Project("{8BC9CEB8-8B4A-11D0-8D11-00A0C91BC942}") = "solveMultiWaris", "solveMultiWaris\solveMultiWaris.vcxproj", "{149CD56A-28DB-4997-8F33-B7970AC2B6B4}"
EndProject
Project("{8BC9CEB8-8B4A-11D0-8D11-00A0C91BC942}") = "polimorpi_113", "polimorpi_113\polimorpi_113.vcxproj", "{5525D686-55A9-4DED-BA95-ED8A6A336798}"
EndProject
Project("{8BC9CEB8-8B4A-11D0-8D11-00A0C91BC942}") = "noPewarisan", "noPewarisan\noPewarisan.vcxproj", "{95AD8EBB-61C7-429C-B89C-81BB496AFF2D}"
EndProject
Global
	GlobalSection(SolutionConfigurationPlatforms) = preSolution
		Debug|x64 = Debug|x64
		Debug|x86 = Debug|x86
		Release|x64 = Release|x64
		Release|x86 = Release|x86
	EndGlobalSection
	GlobalSection(ProjectConfigurationPlatforms) = postSolution
		{F8CFE1C0-5D57-4889-8321-3BC6562FFD50}.Debug|x64.ActiveCfg = Debug|x64
		{F8CFE1C0-5D57-4889-8321-3BC6562FFD50}.Debug|x64.Build.0 = Debug|x64
		{F8CFE1C0-5D57-4889-8321-3BC6562FFD50}.Debug|x86.ActiveCfg = Debug|Win32
		{F8CFE1C0-5D57-4889-8321-3BC6562FFD50}.Debug|x86.Build.0 = Debug|Win32
		{F8CFE1C0-5D57-4889-8321-3BC6562FFD50}.Release|x64.ActiveCfg = Release|x64
		{F8CFE1C0-5D57-4889-8321-3BC6562FFD50}.Release|x64.Build.0 = Release|x64
		{F8CFE1C0-5D57-4889-8321-3BC6562FFD50}.Release|x86.ActiveCfg = Release|Win32
		{F8CFE1C0-5D57-4889-8321-3BC6562FFD50}.Release|x86.Build.0 = Release|Win32
		{149CD56A-28DB-4997-8F33-B7970AC2B6B4}.Debug|x64.ActiveCfg = Debug|x64
		{149CD56A-28DB-4997-8F33-B7970AC2B6B4}.Debug|x64.Build.0 = Debug|x64
		{149CD56A-28DB-4997-8F33-B7970AC2B6B4}.Debug|x86.ActiveCfg = Debug|Win32
		{149CD56A-28DB-4997-8F33-B7970AC2B6B4}.Debug|x86.Build.0 = Debug|Win32
		{149CD56A-28DB-4997-8F33-B7970AC2B6B4}.Release|x64.ActiveCfg = Release|x64
		{149CD56A-28DB-4997-8F33-B7970AC2B6B4}.Release|x64.Build.0 = Release|x64
		{149CD56A-28DB-4997-8F33-B7970AC2B6B4}.Release|x86.ActiveCfg = Release|Win32
		{149CD56A-28DB-4997-8F33-B7970AC2B6B4}.Release|x86.Build.0 = Release|Win32
		{5525D686-55A9-4DED-BA95-ED8A6A336798}.Debug|x64.ActiveCfg = Debug|x64
		{5525D686-55A9-4DED-BA95-ED8A6A336798}.Debug|x64.Build.0 = Debug|x64
		{5525D686-55A9-4DED-BA95-ED8A6A336798}.Debug|x86.ActiveCfg = Debug|Win32
		{5525D686-55A9-4DED-BA95-ED8A6A336798}.Debug|x86.Build.0 = Debug|Win32
		{5525D686-55A9-4DED-BA95-ED8A6A336798}.Release|x64.ActiveCfg = Release|x64
		{5525D686-55A9-4DED-BA95-ED8A6A336798}.Release|x64.Build.0 = Release|x64
		{5525D686-55A9-4DED-BA95-ED8A6A336798}.Release|x86.ActiveCfg = Release|Win32
		{5525D686-55A9-4DED-BA95-ED8A6A336798}.Release|x86.Build.0 = Release|Win32
		{95AD8EBB-61C7-429C-B89C-81BB496AFF2D}.Debug|x64.ActiveCfg = Debug|x64
		{95AD8EBB-61C7-429C-B89C-81BB496AFF2D}.Debug|x64.Build.0 = Debug|x64
		{95AD8EBB-61C7-429C-B89C-81BB496AFF2D}.Debug|x86.ActiveCfg = Debug|Win32
		{95AD8EBB-61C7-429C-B89C-81BB496AFF2D}.Debug|x86.Build.0 = Debug|Win32
		{95AD8EBB-61C7-429C-B89C-81BB496AFF2D}.Release|x64.ActiveCfg = Release|x64
		{95AD8EBB-61C7-429C-B89C-81BB496AFF2D}.Release|x64.Build.0 = Release|x64
		{95AD8EBB-61C7-429C-B89C-81BB496AFF2D}.Release|x86.ActiveCfg = Release|Win32
		{95AD8EBB-61C7-429C-B89C-81BB496AFF2D}.Release|x86.Build.0 = Release|Win32
	EndGlobalSection
	GlobalSection(SolutionProperties) = preSolution
		HideSolutionNode = FALSE
	EndGlobalSection
	GlobalSection(ExtensibilityGlobals) = postSolution
		SolutionGuid = {957CBF39-19F2-4F37-8F63-7AAB934A1053}
	EndGlobalSection
EndGlobal
